{
  "lockfile_version": "1",
  "packages": {
    "docker-compose@latest": {
      "last_modified": "2025-05-16T20:19:48Z",
      "resolved": "github:NixOS/nixpkgs/12a55407652e04dcf2309436eb06fef0d3713ef3#docker-compose",
      "source": "devbox-search",
      "version": "2.36.0",
      "systems": {
        "aarch64-darwin": {
          "outputs": [
            {
              "name": "out",
              "path": "/nix/store/y02sc9n67j98ibifc8wrxjvfa7jvjydp-docker-compose-2.36.0",
              "default": true
            }
          ],
          "store_path": "/nix/store/y02sc9n67j98ibifc8wrxjvfa7jvjydp-docker-compose-2.36.0"
        },
        "aarch64-linux": {
          "outputs": [
            {
              "name": "out",
              "path": "/nix/store/f3cqfrvm9q9dsg5x8y8mqyhsipl3z9n3-docker-compose-2.36.0",
              "default": true
            }
          ],
          "store_path": "/nix/store/f3cqfrvm9q9dsg5x8y8mqyhsipl3z9n3-docker-compose-2.36.0"
        },
        "x86_64-darwin": {
          "outputs": [
            {
              "name": "out",
              "path": "/nix/store/8a2pfvk8mg83mqvj7c2l9v7kgv79nl53-docker-compose-2.36.0",
              "default": true
            }
          ],
          "store_path": "/nix/store/8a2pfvk8mg83mqvj7c2l9v7kgv79nl53-docker-compose-2.36.0"
        },
        "x86_64-linux": {
          "outputs": [
            {
              "name": "out",
              "path": "/nix/store/q5fhdbyd3dk8jybnji6cpkn96907ldcp-docker-compose-2.36.0",
              "default": true
            }
          ],
          "store_path": "/nix/store/q5fhdbyd3dk8jybnji6cpkn96907ldcp-docker-compose-2.36.0"
        }
      }
    },
    "docker@latest": {
      "last_modified": "2025-05-16T20:19:48Z",
      "resolved": "github:NixOS/nixpkgs/12a55407652e04dcf2309436eb06fef0d3713ef3#docker",
      "source": "devbox-search",
      "version": "27.5.1",
      "systems": {
        "aarch64-darwin": {
          "outputs": [
            {
              "name": "out",
              "path": "/nix/store/pybbyzjhaxnipawmh9mv394c67m8q28y-docker-27.5.1",
              "default": true
            }
          ],
          "store_path": "/nix/store/pybbyzjhaxnipawmh9mv394c67m8q28y-docker-27.5.1"
        },
        "aarch64-linux": {
          "outputs": [
            {
              "name": "out",
              "path": "/nix/store/mv1ylhg8xvsbxf6vrqqk6832zh3bdk21-docker-27.5.1",
              "default": true
            }
          ],
          "store_path": "/nix/store/mv1ylhg8xvsbxf6vrqqk6832zh3bdk21-docker-27.5.1"
        },
        "x86_64-darwin": {
          "outputs": [
            {
              "name": "out",
              "path": "/nix/store/gwg18hcv9v36daz4kc7y26miha22i15f-docker-27.5.1",
              "default": true
            }
          ],
          "store_path": "/nix/store/gwg18hcv9v36daz4kc7y26miha22i15f-docker-27.5.1"
        },
        "x86_64-linux": {
          "outputs": [
            {
              "name": "out",
              "path": "/nix/store/ln9x6zi5idgbq7lp74xn55jfi3jl849z-docker-27.5.1",
              "default": true
            }
          ],
          "store_path": "/nix/store/ln9x6zi5idgbq7lp74xn55jfi3jl849z-docker-27.5.1"
        }
      }
    },
    "gcov2lcov@latest": {
      "last_modified": "2025-05-16T20:19:48Z",
      "resolved": "github:NixOS/nixpkgs/12a55407652e04dcf2309436eb06fef0d3713ef3#gcov2lcov",
      "source": "devbox-search",
      "version": "1.1.1",
      "systems": {
        "aarch64-darwin": {
          "outputs": [
            {
              "name": "out",
              "path": "/nix/store/nj721n4vpw30wfha0zw5931nbnxg4q3v-gcov2lcov-1.1.1",
              "default": true
            }
          ],
          "store_path": "/nix/store/nj721n4vpw30wfha0zw5931nbnxg4q3v-gcov2lcov-1.1.1"
        },
        "aarch64-linux": {
          "outputs": [
            {
              "name": "out",
              "path": "/nix/store/ydlwhnhnh3r9yb83lfmgg2hgcf6kav36-gcov2lcov-1.1.1",
              "default": true
            }
          ],
          "store_path": "/nix/store/ydlwhnhnh3r9yb83lfmgg2hgcf6kav36-gcov2lcov-1.1.1"
        },
        "x86_64-darwin": {
          "outputs": [
            {
              "name": "out",
              "path": "/nix/store/ldd2ssxgv7ji29w1ild0smypmxxa87ym-gcov2lcov-1.1.1",
              "default": true
            }
          ],
          "store_path": "/nix/store/ldd2ssxgv7ji29w1ild0smypmxxa87ym-gcov2lcov-1.1.1"
        },
        "x86_64-linux": {
          "outputs": [
            {
              "name": "out",
              "path": "/nix/store/ma7ygkc1hcakkiw4bpjp68j8aprxlpxg-gcov2lcov-1.1.1",
              "default": true
            }
          ],
          "store_path": "/nix/store/ma7ygkc1hcakkiw4bpjp68j8aprxlpxg-gcov2lcov-1.1.1"
        }
      }
    },
    "ginkgo@2.23.4": {
      "last_modified": "2025-05-16T20:19:48Z",
      "resolved": "github:NixOS/nixpkgs/12a55407652e04dcf2309436eb06fef0d3713ef3#ginkgo",
      "source": "devbox-search",
      "version": "2.23.4",
      "systems": {
        "aarch64-darwin": {
          "outputs": [
            {
              "name": "out",
              "path": "/nix/store/66ljjmim0knzv1p3dxrs23nhjja1i522-ginkgo-2.23.4",
              "default": true
            }
          ],
          "store_path": "/nix/store/66ljjmim0knzv1p3dxrs23nhjja1i522-ginkgo-2.23.4"
        },
        "aarch64-linux": {
          "outputs": [
            {
              "name": "out",
              "path": "/nix/store/radpfq4y1n7b593cxwhf6zsnw1jrxi4i-ginkgo-2.23.4",
              "default": true
            }
          ],
          "store_path": "/nix/store/radpfq4y1n7b593cxwhf6zsnw1jrxi4i-ginkgo-2.23.4"
        },
        "x86_64-darwin": {
          "outputs": [
            {
              "name": "out",
              "path": "/nix/store/6k49f7lzfvbfwx995xfz1n7nhjnzwdx2-ginkgo-2.23.4",
              "default": true
            }
          ],
          "store_path": "/nix/store/6k49f7lzfvbfwx995xfz1n7nhjnzwdx2-ginkgo-2.23.4"
        },
        "x86_64-linux": {
          "outputs": [
            {
              "name": "out",
              "path": "/nix/store/szgq7mx93ihzlhv8jxb9fcb2l5ad22fy-ginkgo-2.23.4",
              "default": true
            }
          ],
          "store_path": "/nix/store/szgq7mx93ihzlhv8jxb9fcb2l5ad22fy-ginkgo-2.23.4"
        }
      }
    },
    "git@latest": {
      "last_modified": "2025-05-16T20:19:48Z",
      "resolved": "github:NixOS/nixpkgs/12a55407652e04dcf2309436eb06fef0d3713ef3#git",
      "source": "devbox-search",
      "version": "2.49.0",
      "systems": {
        "aarch64-darwin": {
          "outputs": [
            {
              "name": "out",
              "path": "/nix/store/9pa6rygnkrdp03j4ba0w6yb5qid5x3qb-git-2.49.0",
              "default": true
            },
            {
              "name": "doc",
              "path": "/nix/store/4a1f3ymqasdx2sfwn615n6x6z15qk5nd-git-2.49.0-doc"
            }
          ],
          "store_path": "/nix/store/9pa6rygnkrdp03j4ba0w6yb5qid5x3qb-git-2.49.0"
        },
        "aarch64-linux": {
          "outputs": [
            {
              "name": "out",
              "path": "/nix/store/bqk89pw1wmjzrqi20vqz194ylfhl5cnm-git-2.49.0",
              "default": true
            },
            {
              "name": "debug",
              "path": "/nix/store/ypv73aihzciz9x12imf5dvz4qkn4wakd-git-2.49.0-debug"
            },
            {
              "name": "doc",
              "path": "/nix/store/ll9hlbwp3vvihpx2p2g7mykrl2a4snk4-git-2.49.0-doc"
            }
          ],
          "store_path": "/nix/store/bqk89pw1wmjzrqi20vqz194ylfhl5cnm-git-2.49.0"
        },
        "x86_64-darwin": {
          "outputs": [
            {
              "name": "out",
              "path": "/nix/store/38kaic6dax0nkj4xwnyysmlwzdlrfdfr-git-2.49.0",
              "default": true
            },
            {
              "name": "doc",
              "path": "/nix/store/0544ir9xg154jsb00i0881ggpafyw4nc-git-2.49.0-doc"
            }
          ],
          "store_path": "/nix/store/38kaic6dax0nkj4xwnyysmlwzdlrfdfr-git-2.49.0"
        },
        "x86_64-linux": {
          "outputs": [
            {
              "name": "out",
              "path": "/nix/store/805a5wv1cyah5awij184yfad1ksmbh9f-git-2.49.0",
              "default": true
            },
            {
              "name": "debug",
              "path": "/nix/store/6nibw5w4xay921qx7lp74bs10qsqp0g9-git-2.49.0-debug"
            },
            {
              "name": "doc",
              "path": "/nix/store/7dfxlvdhr5g57b1v8gxwpa2gs7i9g3y5-git-2.49.0-doc"
            }
          ],
          "store_path": "/nix/store/805a5wv1cyah5awij184yfad1ksmbh9f-git-2.49.0"
        }
      }
    },
    "github:NixOS/nixpkgs/nixpkgs-unstable": {
      "resolved": "github:NixOS/nixpkgs/c539ae8d21e49776966d714f82fba33b1fca78bc?lastModified=1750122687&narHash=sha256-zcGClfkXh4pckf4aGOZ18GFv73n1xHbdMWl17cPLouE%3D"
    },
    "go-migrate@4.17.1": {
      "last_modified": "2024-08-31T10:12:23Z",
      "resolved": "github:NixOS/nixpkgs/5629520edecb69630a3f4d17d3d33fc96c13f6fe#go-migrate",
      "source": "devbox-search",
      "version": "4.17.1",
      "systems": {
        "aarch64-darwin": {
          "outputs": [
            {
              "name": "out",
              "path": "/nix/store/17jm2949sbby865gj50k2zr2lb22q3nc-go-migrate-4.17.1",
              "default": true
            }
          ],
          "store_path": "/nix/store/17jm2949sbby865gj50k2zr2lb22q3nc-go-migrate-4.17.1"
        },
        "aarch64-linux": {
          "outputs": [
            {
              "name": "out",
              "path": "/nix/store/fzx440m4wax4abr28xjf9xwrc6nfir7f-go-migrate-4.17.1",
              "default": true
            }
          ],
          "store_path": "/nix/store/fzx440m4wax4abr28xjf9xwrc6nfir7f-go-migrate-4.17.1"
        },
        "x86_64-darwin": {
          "outputs": [
            {
              "name": "out",
              "path": "/nix/store/f85brk57qmqxlzhgi8d72zw599d0zgpc-go-migrate-4.17.1",
              "default": true
            }
          ],
          "store_path": "/nix/store/f85brk57qmqxlzhgi8d72zw599d0zgpc-go-migrate-4.17.1"
        },
        "x86_64-linux": {
          "outputs": [
            {
              "name": "out",
              "path": "/nix/store/51l6d5jq753ip8djjpzid85j5cf3q6yk-go-migrate-4.17.1",
              "default": true
            }
          ],
          "store_path": "/nix/store/51l6d5jq753ip8djjpzid85j5cf3q6yk-go-migrate-4.17.1"
        }
      }
    },
    "go-mockery@2.53.3": {
      "last_modified": "2025-05-16T20:19:48Z",
      "resolved": "github:NixOS/nixpkgs/12a55407652e04dcf2309436eb06fef0d3713ef3#go-mockery",
      "source": "devbox-search",
      "version": "2.53.3",
      "systems": {
        "aarch64-darwin": {
          "outputs": [
            {
              "name": "out",
              "path": "/nix/store/cfc4kg4clzn75gh4agbsr5aqz1mabs0x-go-mockery-2.53.3",
              "default": true
            }
          ],
          "store_path": "/nix/store/cfc4kg4clzn75gh4agbsr5aqz1mabs0x-go-mockery-2.53.3"
        },
        "aarch64-linux": {
          "outputs": [
            {
              "name": "out",
              "path": "/nix/store/n5rf702v3vxn34jiy6xm00694hn4fhci-go-mockery-2.53.3",
              "default": true
            }
          ],
          "store_path": "/nix/store/n5rf702v3vxn34jiy6xm00694hn4fhci-go-mockery-2.53.3"
        },
        "x86_64-darwin": {
          "outputs": [
            {
              "name": "out",
              "path": "/nix/store/jsk4lbwhvnyjmfk4zjmsyrjbd167z8k8-go-mockery-2.53.3",
              "default": true
            }
          ],
          "store_path": "/nix/store/jsk4lbwhvnyjmfk4zjmsyrjbd167z8k8-go-mockery-2.53.3"
        },
        "x86_64-linux": {
          "outputs": [
            {
              "name": "out",
              "path": "/nix/store/grr9ab37z25m38wc8hrvcdi6bp7705wg-go-mockery-2.53.3",
              "default": true
            }
          ],
          "store_path": "/nix/store/grr9ab37z25m38wc8hrvcdi6bp7705wg-go-mockery-2.53.3"
        }
      }
    },
    "go-task@latest": {
      "last_modified": "2025-05-16T20:19:48Z",
      "resolved": "github:NixOS/nixpkgs/12a55407652e04dcf2309436eb06fef0d3713ef3#go-task",
      "source": "devbox-search",
      "version": "3.43.3",
      "systems": {
        "aarch64-darwin": {
          "outputs": [
            {
              "name": "out",
              "path": "/nix/store/5h0ykqayf8kfxwqlawzxvm05hlq7n22c-go-task-3.43.3",
              "default": true
            }
          ],
          "store_path": "/nix/store/5h0ykqayf8kfxwqlawzxvm05hlq7n22c-go-task-3.43.3"
        },
        "aarch64-linux": {
          "outputs": [
            {
              "name": "out",
              "path": "/nix/store/xxl2rg7k3c95gk5s0kwj8p8055r4yldf-go-task-3.43.3",
              "default": true
            }
          ],
          "store_path": "/nix/store/xxl2rg7k3c95gk5s0kwj8p8055r4yldf-go-task-3.43.3"
        },
        "x86_64-darwin": {
          "outputs": [
            {
              "name": "out",
              "path": "/nix/store/4az7i4f6lm4ss77wnf8kklkr21hrfhns-go-task-3.43.3",
              "default": true
            }
          ],
          "store_path": "/nix/store/4az7i4f6lm4ss77wnf8kklkr21hrfhns-go-task-3.43.3"
        },
        "x86_64-linux": {
          "outputs": [
            {
              "name": "out",
              "path": "/nix/store/gjdgw1zhvl9hl7mmiw6ncpnpmpxlk2yb-go-task-3.43.3",
              "default": true
            }
          ],
          "store_path": "/nix/store/gjdgw1zhvl9hl7mmiw6ncpnpmpxlk2yb-go-task-3.43.3"
        }
      }
    },
    "go@latest": {
      "last_modified": "2025-05-16T20:19:48Z",
      "resolved": "github:NixOS/nixpkgs/12a55407652e04dcf2309436eb06fef0d3713ef3#go",
      "source": "devbox-search",
      "version": "1.24.3",
      "systems": {
        "aarch64-darwin": {
          "outputs": [
            {
              "name": "out",
              "path": "/nix/store/ps3admpzmc1ryvn9q7sw5xfd94dkrb3f-go-1.24.3",
              "default": true
            }
          ],
          "store_path": "/nix/store/ps3admpzmc1ryvn9q7sw5xfd94dkrb3f-go-1.24.3"
        },
        "aarch64-linux": {
          "outputs": [
            {
              "name": "out",
              "path": "/nix/store/45bnqhyyq40p91k3cjw0farx3hn1swx6-go-1.24.3",
              "default": true
            }
          ],
          "store_path": "/nix/store/45bnqhyyq40p91k3cjw0farx3hn1swx6-go-1.24.3"
        },
        "x86_64-darwin": {
          "outputs": [
            {
              "name": "out",
              "path": "/nix/store/9z2kb6hxij7pqi0fgcn9ijhpb7ajpazs-go-1.24.3",
              "default": true
            }
          ],
          "store_path": "/nix/store/9z2kb6hxij7pqi0fgcn9ijhpb7ajpazs-go-1.24.3"
        },
        "x86_64-linux": {
          "outputs": [
            {
              "name": "out",
              "path": "/nix/store/5xvi25nqmbrg58aixp4zgczilfnp7pwg-go-1.24.3",
              "default": true
            }
          ],
          "store_path": "/nix/store/5xvi25nqmbrg58aixp4zgczilfnp7pwg-go-1.24.3"
        }
      }
    },
    "golangci-lint@latest": {
      "last_modified": "2025-05-16T20:19:48Z",
      "resolved": "github:NixOS/nixpkgs/12a55407652e04dcf2309436eb06fef0d3713ef3#golangci-lint",
      "source": "devbox-search",
      "version": "2.1.6",
      "systems": {
        "aarch64-darwin": {
          "outputs": [
            {
              "name": "out",
              "path": "/nix/store/8d3n5ly5r6prqyx3h5nr2v778hzwp83r-golangci-lint-2.1.6",
              "default": true
            }
          ],
          "store_path": "/nix/store/8d3n5ly5r6prqyx3h5nr2v778hzwp83r-golangci-lint-2.1.6"
        },
        "aarch64-linux": {
          "outputs": [
            {
              "name": "out",
              "path": "/nix/store/sazvkjsaxnpnplrsaj5wf1x9xkgv0s88-golangci-lint-2.1.6",
              "default": true
            }
          ],
          "store_path": "/nix/store/sazvkjsaxnpnplrsaj5wf1x9xkgv0s88-golangci-lint-2.1.6"
        },
        "x86_64-darwin": {
          "outputs": [
            {
              "name": "out",
              "path": "/nix/store/cqfnavdyysfdm9cam8bsyscbsk8zg781-golangci-lint-2.1.6",
              "default": true
            }
          ],
          "store_path": "/nix/store/cqfnavdyysfdm9cam8bsyscbsk8zg781-golangci-lint-2.1.6"
        },
        "x86_64-linux": {
          "outputs": [
            {
              "name": "out",
              "path": "/nix/store/snqg2xccy7fb6q6n2dw3bfql6mqbh6ar-golangci-lint-2.1.6",
              "default": true
            }
          ],
          "store_path": "/nix/store/snqg2xccy7fb6q6n2dw3bfql6mqbh6ar-golangci-lint-2.1.6"
        }
      }
    },
    "postgresql@17": {
      "last_modified": "2025-06-14T12:19:57Z",
      "plugin_version": "0.0.2",
      "resolved": "github:NixOS/nixpkgs/41da1e3ea8e23e094e5e3eeb1e6b830468a7399e#postgresql",
      "source": "devbox-search",
      "version": "17.5",
      "systems": {
        "aarch64-darwin": {
          "outputs": [
            {
              "name": "out",
              "path": "/nix/store/w6cjhp0006p6dwmlcp1klz3sayylg4l2-postgresql-17.5",
              "default": true
            },
            {
              "name": "man",
              "path": "/nix/store/vzdz6hmav9baicc9xa8nan56f8n4pn7m-postgresql-17.5-man",
              "default": true
            },
            {
              "name": "plpython3",
              "path": "/nix/store/2hnbya8x4a3f9h8iprawqlxymmnz9dhc-postgresql-17.5-plpython3"
            },
            {
              "name": "pltcl",
              "path": "/nix/store/8x3lm78byg0i15y4zn0ga1xkrwcic4sg-postgresql-17.5-pltcl"
            },
            {
              "name": "doc",
              "path": "/nix/store/h0nsafh8f5n46b34na0b2y21na34y9cx-postgresql-17.5-doc"
            },
            {
              "name": "jit",
              "path": "/nix/store/b74f8h0yr6pmcd82c9bwvdpwbj5bmmq5-postgresql-17.5-jit"
            },
            {
              "name": "plperl",
              "path": "/nix/store/skgb73k0bhahw2nkrbm03ir1q77vrbwr-postgresql-17.5-plperl"
            },
            {
              "name": "dev",
              "path": "/nix/store/ijhl7ddpkq06ywcffc907c92rnc5mzwk-postgresql-17.5-dev"
            },
            {
              "name": "lib",
              "path": "/nix/store/i5dmq970llliwpzjizznhb9ciyylqbx3-postgresql-17.5-lib"
            }
          ],
          "store_path": "/nix/store/w6cjhp0006p6dwmlcp1klz3sayylg4l2-postgresql-17.5"
        },
        "aarch64-linux": {
          "outputs": [
            {
              "name": "out",
              "path": "/nix/store/sj9dhaxpfixvy0kbr9fwkxghcn1z98ah-postgresql-17.5",
              "default": true
            },
            {
              "name": "man",
              "path": "/nix/store/wy6bfmwhjfpnipx3v7ilvbz1c5inhrl7-postgresql-17.5-man",
              "default": true
            },
            {
              "name": "lib",
              "path": "/nix/store/l9g5i29ckavvz194hxwvygdcnbqmcq43-postgresql-17.5-lib"
            },
            {
              "name": "plpython3",
              "path": "/nix/store/ydhjmfgnfqv9xk31fhqnms6c2dnsq51y-postgresql-17.5-plpython3"
            },
            {
              "name": "pltcl",
              "path": "/nix/store/m8g1ncvwx9kg0g2a66qnkh22ykxpwsph-postgresql-17.5-pltcl"
            },
            {
              "name": "dev",
              "path": "/nix/store/cnk1lcc3qq3p6dy7gcbshhwwhklcx6v8-postgresql-17.5-dev"
            },
            {
              "name": "jit",
              "path": "/nix/store/qha3ksm11i9i7jxb8xp2xs3pkwq7h630-postgresql-17.5-jit"
            },
            {
              "name": "plperl",
              "path": "/nix/store/2p77q0gf1y5i33dvy92hda83s39slxs4-postgresql-17.5-plperl"
            },
            {
              "name": "debug",
              "path": "/nix/store/vcnk11132d8132rl4jhyps37bybicwck-postgresql-17.5-debug"
            },
            {
              "name": "doc",
              "path": "/nix/store/xn48vj4zzr4pbzsalxvfp57nfk341f4p-postgresql-17.5-doc"
            }
          ],
          "store_path": "/nix/store/sj9dhaxpfixvy0kbr9fwkxghcn1z98ah-postgresql-17.5"
        },
        "x86_64-darwin": {
          "outputs": [
            {
              "name": "out",
              "path": "/nix/store/xx9qfyc9cgfzr2ya3kw7gr6mwzki5ywl-postgresql-17.5",
              "default": true
            },
            {
              "name": "man",
              "path": "/nix/store/cngsyk2hlaakgnwvwwnldy7d6bihdgr6-postgresql-17.5-man",
              "default": true
            },
            {
              "name": "lib",
              "path": "/nix/store/amd0rc4q4xii02n0gnspcn6841b35114-postgresql-17.5-lib"
            },
            {
              "name": "plpython3",
              "path": "/nix/store/7bmwl47wwd1zqdjsg5wc68x54psdldfp-postgresql-17.5-plpython3"
            },
            {
              "name": "jit",
              "path": "/nix/store/akjz88mpjkpw9xfa5ym7j4xl63nqjz8k-postgresql-17.5-jit"
            },
            {
              "name": "dev",
              "path": "/nix/store/whcw1nq5ls5rwxg3y14zkgx0890ccl89-postgresql-17.5-dev"
            },
            {
              "name": "doc",
              "path": "/nix/store/hif045vfd6knwszxv14ll3ql15aw5rqq-postgresql-17.5-doc"
            },
            {
              "name": "plperl",
              "path": "/nix/store/p68k68a2g0gkjnl3kmqf6iih3fs5wcvn-postgresql-17.5-plperl"
            },
            {
              "name": "pltcl",
              "path": "/nix/store/snasrw65962fc1i24v1mflm75mcl6bc5-postgresql-17.5-pltcl"
            }
          ],
          "store_path": "/nix/store/xx9qfyc9cgfzr2ya3kw7gr6mwzki5ywl-postgresql-17.5"
        },
        "x86_64-linux": {
          "outputs": [
            {
              "name": "out",
              "path": "/nix/store/jgvr5576yv6vxaxn9ps09222ii889zhk-postgresql-17.5",
              "default": true
            },
            {
              "name": "man",
              "path": "/nix/store/d4cw3yz6k9769ivs0kq5fw107l3d6y4c-postgresql-17.5-man",
              "default": true
            },
            {
              "name": "plpython3",
              "path": "/nix/store/bwr4pjlfsif74s9mdg9jml9w0d272w6b-postgresql-17.5-plpython3"
            },
            {
              "name": "lib",
              "path": "/nix/store/zxafhaznnkcv8ixp56f0b3hymjn71xb3-postgresql-17.5-lib"
            },
            {
              "name": "debug",
              "path": "/nix/store/g7yq4ci3a09nwc8c7rkrvnkj9yknwpcx-postgresql-17.5-debug"
            },
            {
              "name": "dev",
              "path": "/nix/store/578hp6h741gwi4wh1nx6rflsnicp2hwn-postgresql-17.5-dev"
            },
            {
              "name": "plperl",
              "path": "/nix/store/0a5qlx9vqrh3j4gcxfcbw1v1mbbv14b1-postgresql-17.5-plperl"
            },
            {
              "name": "pltcl",
              "path": "/nix/store/n3l2a0ys9k6cl3p6i7w93klgc049avz7-postgresql-17.5-pltcl"
            },
            {
              "name": "doc",
              "path": "/nix/store/hc9w7h6869k2yjxrimywvpmj9651sfyd-postgresql-17.5-doc"
            },
            {
              "name": "jit",
              "path": "/nix/store/p1sbiwh6jsviwd8x8pd2dnqjj89f65ha-postgresql-17.5-jit"
            }
          ],
          "store_path": "/nix/store/jgvr5576yv6vxaxn9ps09222ii889zhk-postgresql-17.5"
        }
      }
    },
    "toybox@latest": {
      "last_modified": "2025-05-16T20:19:48Z",
      "resolved": "github:NixOS/nixpkgs/12a55407652e04dcf2309436eb06fef0d3713ef3#toybox",
      "source": "devbox-search",
      "version": "0.8.12",
      "systems": {
        "aarch64-darwin": {
          "outputs": [
            {
              "name": "out",
              "path": "/nix/store/vh36yq9ki9w3zq2p9fj7apwqgrvbl589-toybox-0.8.12",
              "default": true
            }
          ],
          "store_path": "/nix/store/vh36yq9ki9w3zq2p9fj7apwqgrvbl589-toybox-0.8.12"
        },
        "aarch64-linux": {
          "outputs": [
            {
              "name": "out",
              "path": "/nix/store/8pij8mnjn22r8m27mc7ws85pji27w48f-toybox-0.8.12",
              "default": true
            }
          ],
          "store_path": "/nix/store/8pij8mnjn22r8m27mc7ws85pji27w48f-toybox-0.8.12"
        },
        "x86_64-darwin": {
          "outputs": [
            {
              "name": "out",
              "path": "/nix/store/3swg2d1hr1ffmvj12jz6vpjhwf9cwkc3-toybox-0.8.12",
              "default": true
            }
          ],
          "store_path": "/nix/store/3swg2d1hr1ffmvj12jz6vpjhwf9cwkc3-toybox-0.8.12"
        },
        "x86_64-linux": {
          "outputs": [
            {
              "name": "out",
              "path": "/nix/store/h33pxzr7j2x9xxskmxiyrfnad9c48pdh-toybox-0.8.12",
              "default": true
            }
          ],
          "store_path": "/nix/store/h33pxzr7j2x9xxskmxiyrfnad9c48pdh-toybox-0.8.12"
        }
      }
    }
  }
}
